<?xml version="1.0" encoding="utf-8"?>
<Project ToolsVersion="4.0" xmlns="http://schemas.microsoft.com/developer/msbuild/2003">
  <ItemGroup>
    <Filter Include="源文件">
      <UniqueIdentifier>{4FC737F1-C7A5-4376-A066-2A32D752A2FF}</UniqueIdentifier>
      <Extensions>cpp;c;cc;cu;cxx;def;odl;idl;hpj;bat;asm;asmx</Extensions>
    </Filter>
    <Filter Include="头文件">
      <UniqueIdentifier>{93995380-89BD-4b04-88EB-625FBE52EBFB}</UniqueIdentifier>
      <Extensions>h;hh;hpp;cuh;hxx;hm;inl;inc;xsd</Extensions>
    </Filter>
    <Filter Include="资源文件">
      <UniqueIdentifier>{67DA6AB6-F800-4c08-8B7A-83BB121AAD01}</UniqueIdentifier>
      <Extensions>rc;ico;cur;bmp;dlg;rc2;rct;bin;rgs;gif;jpg;jpeg;jpe;resx;tiff;tif;png;wav;mfcribbon-ms</Extensions>
    </Filter>
    <Filter Include="头文件\models">
      <UniqueIdentifier>{6e72ffa3-ad6c-4f3e-9f42-de0f3d674fc0}</UniqueIdentifier>
    </Filter>
    <Filter Include="源文件\models">
      <UniqueIdentifier>{ad23d9cc-65a3-4c41-b87f-5826ce7a6dca}</UniqueIdentifier>
    </Filter>
    <Filter Include="源文件\models\graph">
      <UniqueIdentifier>{8ea8c4cc-b75e-4c3a-a4e9-1e4900de6380}</UniqueIdentifier>
    </Filter>
    <Filter Include="头文件\utils">
      <UniqueIdentifier>{1da1956b-b0ea-4a15-9b4a-11a431319b7d}</UniqueIdentifier>
    </Filter>
    <Filter Include="源文件\devices">
      <UniqueIdentifier>{fa575702-cfa0-433c-8959-c953599bd9ed}</UniqueIdentifier>
    </Filter>
    <Filter Include="源文件\devices\cpu">
      <UniqueIdentifier>{2fd7965b-96c9-47a3-8bff-8bd955ba0f3a}</UniqueIdentifier>
    </Filter>
    <Filter Include="头文件\devices">
      <UniqueIdentifier>{c6d29e93-8c08-452d-ace1-5ed804174f77}</UniqueIdentifier>
    </Filter>
    <Filter Include="头文件\devices\cpu">
      <UniqueIdentifier>{c17acf48-126f-4578-aaf9-aef7cfcb9fd9}</UniqueIdentifier>
    </Filter>
    <Filter Include="头文件\devices\cuda">
      <UniqueIdentifier>{d7bfe0ea-81a6-4dc4-b526-a5a4eb114296}</UniqueIdentifier>
    </Filter>
    <Filter Include="源文件\devices\cuda">
      <UniqueIdentifier>{fa0efa1b-9d09-40d3-811d-5a2cfb37d536}</UniqueIdentifier>
    </Filter>
    <Filter Include="头文件\third_party">
      <UniqueIdentifier>{1aa28959-8e28-496c-9bb2-e81e86c2b998}</UniqueIdentifier>
    </Filter>
    <Filter Include="源文件\third_party">
      <UniqueIdentifier>{385ba64f-d978-469c-af0c-498ec33a1bb7}</UniqueIdentifier>
    </Filter>
    <Filter Include="头文件\devices\multicuda">
      <UniqueIdentifier>{917a368b-3a0e-476b-9f35-6af4433aca16}</UniqueIdentifier>
    </Filter>
    <Filter Include="源文件\devices\multicuda">
      <UniqueIdentifier>{9fbf8989-df11-4dc7-9697-d69d10b7f0bf}</UniqueIdentifier>
    </Filter>
  </ItemGroup>
  <ItemGroup>
    <ClInclude Include="..\..\include\device.h">
      <Filter>头文件</Filter>
    </ClInclude>
    <ClInclude Include="..\..\include\executor.h">
      <Filter>头文件</Filter>
    </ClInclude>
    <ClInclude Include="..\..\include\fastllm.h">
      <Filter>头文件</Filter>
    </ClInclude>
    <ClInclude Include="..\..\include\graph.h">
      <Filter>头文件</Filter>
    </ClInclude>
    <ClInclude Include="..\..\include\model.h">
      <Filter>头文件</Filter>
    </ClInclude>
    <ClInclude Include="..\..\include\template.h">
      <Filter>头文件</Filter>
    </ClInclude>
    <ClInclude Include="..\..\include\models\basellm.h">
      <Filter>头文件\models</Filter>
    </ClInclude>
    <ClInclude Include="..\..\include\models\bert.h">
      <Filter>头文件\models</Filter>
    </ClInclude>
    <ClInclude Include="..\..\include\models\chatglm.h">
      <Filter>头文件\models</Filter>
    </ClInclude>
    <ClInclude Include="..\..\include\models\cogvlm.h">
      <Filter>头文件\models</Filter>
    </ClInclude>
    <ClInclude Include="..\..\include\models\deepseekv2.h">
      <Filter>头文件\models</Filter>
    </ClInclude>
    <ClInclude Include="..\..\include\models\ernie4_5.h">
      <Filter>头文件\models</Filter>
    </ClInclude>
    <ClInclude Include="..\..\include\models\factoryllm.h">
      <Filter>头文件\models</Filter>
    </ClInclude>
    <ClInclude Include="..\..\include\models\glm.h">
      <Filter>头文件\models</Filter>
    </ClInclude>
    <ClInclude Include="..\..\include\models\graphllm.h">
      <Filter>头文件\models</Filter>
    </ClInclude>
    <ClInclude Include="..\..\include\models\hunyuan.h">
      <Filter>头文件\models</Filter>
    </ClInclude>
    <ClInclude Include="..\..\include\models\internlm2.h">
      <Filter>头文件\models</Filter>
    </ClInclude>
    <ClInclude Include="..\..\include\models\llama.h">
      <Filter>头文件\models</Filter>
    </ClInclude>
    <ClInclude Include="..\..\include\models\minicpm.h">
      <Filter>头文件\models</Filter>
    </ClInclude>
    <ClInclude Include="..\..\include\models\minicpm3.h">
      <Filter>头文件\models</Filter>
    </ClInclude>
    <ClInclude Include="..\..\include\models\minimax.h">
      <Filter>头文件\models</Filter>
    </ClInclude>
    <ClInclude Include="..\..\include\models\moe.h">
      <Filter>头文件\models</Filter>
    </ClInclude>
    <ClInclude Include="..\..\include\models\moss.h">
      <Filter>头文件\models</Filter>
    </ClInclude>
    <ClInclude Include="..\..\include\models\pangu_moe.h">
      <Filter>头文件\models</Filter>
    </ClInclude>
    <ClInclude Include="..\..\include\models\phi3.h">
      <Filter>头文件\models</Filter>
    </ClInclude>
    <ClInclude Include="..\..\include\models\qwen.h">
      <Filter>头文件\models</Filter>
    </ClInclude>
    <ClInclude Include="..\..\include\models\qwen3.h">
      <Filter>头文件\models</Filter>
    </ClInclude>
    <ClInclude Include="..\..\include\models\qwen3_moe.h">
      <Filter>头文件\models</Filter>
    </ClInclude>
    <ClInclude Include="..\..\include\models\xlmroberta.h">
      <Filter>头文件\models</Filter>
    </ClInclude>
    <ClInclude Include="..\..\include\devices\cpu\alivethreadpool.h">
      <Filter>头文件\devices\cpu</Filter>
    </ClInclude>
    <ClInclude Include="..\..\include\devices\cpu\computeutils.h">
      <Filter>头文件\devices\cpu</Filter>
    </ClInclude>
    <ClInclude Include="..\..\include\devices\cpu\cpudevice.h">
      <Filter>头文件\devices\cpu</Filter>
    </ClInclude>
    <ClInclude Include="..\..\include\devices\cpu\cputhreadpool.h">
      <Filter>头文件\devices\cpu</Filter>
    </ClInclude>
    <ClInclude Include="..\..\include\utils\armMath.h">
      <Filter>头文件\utils</Filter>
    </ClInclude>
    <ClInclude Include="..\..\include\utils\utils.h">
      <Filter>头文件\utils</Filter>
    </ClInclude>
    <ClInclude Include="..\..\include\devices\cuda\cudadevice.h">
      <Filter>头文件\devices\cuda</Filter>
    </ClInclude>
    <ClInclude Include="..\..\include\devices\cuda\fastllm-cuda.cuh">
      <Filter>头文件\devices\cuda</Filter>
    </ClInclude>
    <ClInclude Include="..\..\include\devices\multicuda\multicudadevice.h">
      <Filter>头文件\devices\multicuda</Filter>
    </ClInclude>
    <ClInclude Include="..\..\include\devices\multicuda\fastllm-multicuda.cuh">
      <Filter>头文件\devices\multicuda</Filter>
    </ClInclude>
    <ClInclude Include="..\..\third_party\json11\json11.hpp">
      <Filter>头文件\third_party</Filter>
    </ClInclude>
  </ItemGroup>
  <ItemGroup>
    <ClCompile Include="..\..\src\device.cpp">
      <Filter>源文件</Filter>
    </ClCompile>
    <ClCompile Include="..\..\src\executor.cpp">
      <Filter>源文件</Filter>
    </ClCompile>
    <ClCompile Include="..\..\src\fastllm.cpp">
      <Filter>源文件</Filter>
    </ClCompile>
    <ClCompile Include="..\..\src\graph.cpp">
      <Filter>源文件</Filter>
    </ClCompile>
    <ClCompile Include="..\..\src\model.cpp">
      <Filter>源文件</Filter>
    </ClCompile>
    <ClCompile Include="..\..\src\template.cpp">
      <Filter>源文件</Filter>
    </ClCompile>
    <ClCompile Include="..\..\src\tokenizer.cpp">
      <Filter>源文件</Filter>
    </ClCompile>
    <ClCompile Include="..\..\src\models\basellm.cpp">
      <Filter>源文件\models</Filter>
    </ClCompile>
    <ClCompile Include="..\..\src\models\bert.cpp">
      <Filter>源文件\models</Filter>
    </ClCompile>
    <ClCompile Include="..\..\src\models\chatglm.cpp">
      <Filter>源文件\models</Filter>
    </ClCompile>
    <ClCompile Include="..\..\src\models\cogvlm.cpp">
      <Filter>源文件\models</Filter>
    </ClCompile>
    <ClCompile Include="..\..\src\models\deepseekv2.cpp">
      <Filter>源文件\models</Filter>
    </ClCompile>
    <ClCompile Include="..\..\src\models\ernie4_5.cpp">
      <Filter>源文件\models</Filter>
    </ClCompile>
    <ClCompile Include="..\..\src\models\glm.cpp">
      <Filter>源文件\models</Filter>
    </ClCompile>
    <ClCompile Include="..\..\src\models\graphllm.cpp">
      <Filter>源文件\models</Filter>
    </ClCompile>
    <ClCompile Include="..\..\src\models\hunyuan.cpp">
      <Filter>源文件\models</Filter>
    </ClCompile>
    <ClCompile Include="..\..\src\models\internlm2.cpp">
      <Filter>源文件\models</Filter>
    </ClCompile>
    <ClCompile Include="..\..\src\models\llama.cpp">
      <Filter>源文件\models</Filter>
    </ClCompile>
    <ClCompile Include="..\..\src\models\minicpm.cpp">
      <Filter>源文件\models</Filter>
    </ClCompile>
    <ClCompile Include="..\..\src\models\minicpm3.cpp">
      <Filter>源文件\models</Filter>
    </ClCompile>
    <ClCompile Include="..\..\src\models\minimax.cpp">
      <Filter>源文件\models</Filter>
    </ClCompile>
    <ClCompile Include="..\..\src\models\moe.cpp">
      <Filter>源文件\models</Filter>
    </ClCompile>
    <ClCompile Include="..\..\src\models\moss.cpp">
      <Filter>源文件\models</Filter>
    </ClCompile>
    <ClCompile Include="..\..\src\models\pangu_moe.cpp">
      <Filter>源文件\models</Filter>
    </ClCompile>
    <ClCompile Include="..\..\src\models\phi3.cpp">
      <Filter>源文件\models</Filter>
    </ClCompile>
    <ClCompile Include="..\..\src\models\qwen.cpp">
      <Filter>源文件\models</Filter>
    </ClCompile>
    <ClCompile Include="..\..\src\models\qwen3.cpp">
      <Filter>源文件\models</Filter>
    </ClCompile>
    <ClCompile Include="..\..\src\models\qwen3_moe.cpp">
      <Filter>源文件\models</Filter>
    </ClCompile>
    <ClCompile Include="..\..\src\models\xlmroberta.cpp">
      <Filter>源文件\models</Filter>
    </ClCompile>
    <ClCompile Include="..\..\src\models\graph\fastllmjson.cpp">
      <Filter>源文件\models\graph</Filter>
    </ClCompile>
    <ClCompile Include="..\..\src\models\graph\gemma2.cpp">
      <Filter>源文件\models\graph</Filter>
    </ClCompile>
    <ClCompile Include="..\..\src\models\graph\qwen2.cpp">
      <Filter>源文件\models\graph</Filter>
    </ClCompile>
    <ClCompile Include="..\..\src\models\graph\telechat.cpp">
      <Filter>源文件\models\graph</Filter>
    </ClCompile>
    <ClCompile Include="..\..\src\devices\cpu\avx512bf16.cpp">
      <Filter>源文件\devices\cpu</Filter>
    </ClCompile>
    <ClCompile Include="..\..\src\devices\cpu\avx512vnni.cpp">
      <Filter>源文件\devices\cpu</Filter>
    </ClCompile>
    <ClCompile Include="..\..\src\devices\cpu\cpudevice.cpp">
      <Filter>源文件\devices\cpu</Filter>
    </ClCompile>
    <ClCompile Include="..\..\src\devices\cpu\cpudevicebatch.cpp">
      <Filter>源文件\devices\cpu</Filter>
    </ClCompile>
    <ClCompile Include="..\..\src\devices\cpu\linear.cpp">
      <Filter>源文件\devices\cpu</Filter>
    </ClCompile>
    <ClCompile Include="..\..\src\devices\cuda\cudadevice.cpp">
      <Filter>源文件\devices\cuda</Filter>
    </ClCompile>
    <ClCompile Include="..\..\src\devices\cuda\cudadevicebatch.cpp">
      <Filter>源文件\devices\cuda</Filter>
    </ClCompile>
    <ClCompile Include="..\..\src\devices\multicuda\multicudadevice.cpp">
      <Filter>源文件\devices\multicuda</Filter>
    </ClCompile>
    <ClCompile Include="..\..\third_party\json11\json11.cpp">
      <Filter>源文件\third_party</Filter>
    </ClCompile>
  </ItemGroup>
  <ItemGroup>
    <CudaCompile Include="..\..\src\devices\cuda\fastllm-cuda.cu">
      <Filter>源文件\devices\cuda</Filter>
    </CudaCompile>
    <CudaCompile Include="..\..\src\devices\multicuda\fastllm-multicuda.cu">
      <Filter>源文件\devices\multicuda</Filter>
    </CudaCompile>
  </ItemGroup>
</Project>